Microsoft Visual Studio Solution File, Format Version 12.00
# Visual Studio Version 18
VisualStudioVersion = 18.2.11415.280 d18.0
MinimumVisualStudioVersion = 10.0.40219.1
Project("{FAE04EC0-301F-11D3-BF4B-00C04F79EFBC}") = "Jellycheckr.Server", "Jellycheckr.Server\Jellycheckr.Server.csproj", "{29A4AB56-1995-4DD6-9CFF-BF5B456AEB4E}"
EndProject
Global
	GlobalSection(SolutionConfigurationPlatforms) = preSolution
		Debug|Any CPU = Debug|Any CPU
		Release|Any CPU = Release|Any CPU
	EndGlobalSection
	GlobalSection(ProjectConfigurationPlatforms) = postSolution
		{29A4AB56-1995-4DD6-9CFF-BF5B456AEB4E}.Debug|Any CPU.ActiveCfg = Debug|Any CPU
		{29A4AB56-1995-4DD6-9CFF-BF5B456AEB4E}.Debug|Any CPU.Build.0 = Debug|Any CPU
		{29A4AB56-1995-4DD6-9CFF-BF5B456AEB4E}.Release|Any CPU.ActiveCfg = Release|Any CPU
		{29A4AB56-1995-4DD6-9CFF-BF5B456AEB4E}.Release|Any CPU.Build.0 = Release|Any CPU
	EndGlobalSection
	GlobalSection(SolutionProperties) = preSolution
		HideSolutionNode = FALSE
	EndGlobalSection
EndGlobal
